
Microsoft Visual Studio Solution File, Format Version 12.00
# Visual Studio Version 17
VisualStudioVersion = 17.11.35208.52
MinimumVisualStudioVersion = 10.0.40219.1
Project("{FAE04EC0-301F-11D3-BF4B-00C04F79EFBC}") = "CSharpEgitimkampi301.EntityLayer", "CSharpEgitimkampi301.EntityLayer\CSharpEgitimkampi301.EntityLayer.csproj", "{36555706-3504-4C46-9F68-EC1FBB3B503E}"
EndProject
Project("{FAE04EC0-301F-11D3-BF4B-00C04F79EFBC}") = "CSharpEgitimkampi301.DataAccessLayer", "CSharpEgitimkampi301.DataAccessLayer\CSharpEgitimkampi301.DataAccessLayer.csproj", "{9FC1C32F-5450-402F-8AE4-1339591297EE}"
EndProject
Project("{FAE04EC0-301F-11D3-BF4B-00C04F79EFBC}") = "CSharpEgitimkampi301.BusinessLayer", "CSharpEgitimkampi301.BusinessLayer\CSharpEgitimkampi301.BusinessLayer.csproj", "{EBF07EF8-1784-451C-A8E1-0E7DC5BA798D}"
EndProject
Project("{9A19103F-16F7-4668-BE54-9A1E7A4F7556}") = "CSharpEgitimkampi301.PresentationLayer", "CSharpEgitimkampi301.PresentationLayer\CSharpEgitimkampi301.PresentationLayer.csproj", "{72BF685B-A72D-426D-A7CD-911691B08781}"
EndProject
Project("{FAE04EC0-301F-11D3-BF4B-00C04F79EFBC}") = "CSharpEgitimkampi301.EFProject", "CSharpEgitimkampi301.EFProject\CSharpEgitimkampi301.EFProject.csproj", "{80F0B45E-81FE-40B2-A90C-4B9A7EA89D08}"
EndProject
Global
	GlobalSection(SolutionConfigurationPlatforms) = preSolution
		Debug|Any CPU = Debug|Any CPU
		Release|Any CPU = Release|Any CPU
	EndGlobalSection
	GlobalSection(ProjectConfigurationPlatforms) = postSolution
		{36555706-3504-4C46-9F68-EC1FBB3B503E}.Debug|Any CPU.ActiveCfg = Debug|Any CPU
		{36555706-3504-4C46-9F68-EC1FBB3B503E}.Debug|Any CPU.Build.0 = Debug|Any CPU
		{36555706-3504-4C46-9F68-EC1FBB3B503E}.Release|Any CPU.ActiveCfg = Release|Any CPU
		{36555706-3504-4C46-9F68-EC1FBB3B503E}.Release|Any CPU.Build.0 = Release|Any CPU
		{9FC1C32F-5450-402F-8AE4-1339591297EE}.Debug|Any CPU.ActiveCfg = Debug|Any CPU
		{9FC1C32F-5450-402F-8AE4-1339591297EE}.Debug|Any CPU.Build.0 = Debug|Any CPU
		{9FC1C32F-5450-402F-8AE4-1339591297EE}.Release|Any CPU.ActiveCfg = Release|Any CPU
		{9FC1C32F-5450-402F-8AE4-1339591297EE}.Release|Any CPU.Build.0 = Release|Any CPU
		{EBF07EF8-1784-451C-A8E1-0E7DC5BA798D}.Debug|Any CPU.ActiveCfg = Debug|Any CPU
		{EBF07EF8-1784-451C-A8E1-0E7DC5BA798D}.Debug|Any CPU.Build.0 = Debug|Any CPU
		{EBF07EF8-1784-451C-A8E1-0E7DC5BA798D}.Release|Any CPU.ActiveCfg = Release|Any CPU
		{EBF07EF8-1784-451C-A8E1-0E7DC5BA798D}.Release|Any CPU.Build.0 = Release|Any CPU
		{72BF685B-A72D-426D-A7CD-911691B08781}.Debug|Any CPU.ActiveCfg = Debug|Any CPU
		{72BF685B-A72D-426D-A7CD-911691B08781}.Debug|Any CPU.Build.0 = Debug|Any CPU
		{72BF685B-A72D-426D-A7CD-911691B08781}.Release|Any CPU.ActiveCfg = Release|Any CPU
		{72BF685B-A72D-426D-A7CD-911691B08781}.Release|Any CPU.Build.0 = Release|Any CPU
		{80F0B45E-81FE-40B2-A90C-4B9A7EA89D08}.Debug|Any CPU.ActiveCfg = Debug|Any CPU
		{80F0B45E-81FE-40B2-A90C-4B9A7EA89D08}.Debug|Any CPU.Build.0 = Debug|Any CPU
		{80F0B45E-81FE-40B2-A90C-4B9A7EA89D08}.Release|Any CPU.ActiveCfg = Release|Any CPU
		{80F0B45E-81FE-40B2-A90C-4B9A7EA89D08}.Release|Any CPU.Build.0 = Release|Any CPU
	EndGlobalSection
	GlobalSection(SolutionProperties) = preSolution
		HideSolutionNode = FALSE
	EndGlobalSection
	GlobalSection(ExtensibilityGlobals) = postSolution
		SolutionGuid = {42E2A00F-7C45-4E25-9C44-150C5C608103}
	EndGlobalSection
EndGlobal
